
Microsoft Visual Studio Solution File, Format Version 12.00
# Visual Studio 15
VisualStudioVersion = 15.0.26228.4
MinimumVisualStudioVersion = 10.0.40219.1
Project("{FAE04EC0-301F-11D3-BF4B-00C04F79EFBC}") = "ENet.Managed", "ENet.Managed\ENet.Managed.csproj", "{0B1CAF2F-9649-46C2-9F97-C8E29C3ABB72}"
EndProject
Project("{FAE04EC0-301F-11D3-BF4B-00C04F79EFBC}") = "TestApp", "TestApp\TestApp.csproj", "{A43BBD4A-9847-4F19-93E9-571ACAB5CCF0}"
EndProject
Project("{FAE04EC0-301F-11D3-BF4B-00C04F79EFBC}") = "ENetChatSample", "ENetChatSample\ENetChatSample.csproj", "{FAFEC68F-1B46-497A-B2DF-0AB8500695C2}"
EndProject
Global
	GlobalSection(SolutionConfigurationPlatforms) = preSolution
		Debug|Any CPU = Debug|Any CPU
		Release|Any CPU = Release|Any CPU
	EndGlobalSection
	GlobalSection(ProjectConfigurationPlatforms) = postSolution
		{0B1CAF2F-9649-46C2-9F97-C8E29C3ABB72}.Debug|Any CPU.ActiveCfg = Debug|Any CPU
		{0B1CAF2F-9649-46C2-9F97-C8E29C3ABB72}.Debug|Any CPU.Build.0 = Debug|Any CPU
		{0B1CAF2F-9649-46C2-9F97-C8E29C3ABB72}.Release|Any CPU.ActiveCfg = Release|Any CPU
		{0B1CAF2F-9649-46C2-9F97-C8E29C3ABB72}.Release|Any CPU.Build.0 = Release|Any CPU
		{A43BBD4A-9847-4F19-93E9-571ACAB5CCF0}.Debug|Any CPU.ActiveCfg = Debug|Any CPU
		{A43BBD4A-9847-4F19-93E9-571ACAB5CCF0}.Debug|Any CPU.Build.0 = Debug|Any CPU
		{A43BBD4A-9847-4F19-93E9-571ACAB5CCF0}.Release|Any CPU.ActiveCfg = Release|Any CPU
		{A43BBD4A-9847-4F19-93E9-571ACAB5CCF0}.Release|Any CPU.Build.0 = Release|Any CPU
		{FAFEC68F-1B46-497A-B2DF-0AB8500695C2}.Debug|Any CPU.ActiveCfg = Debug|Any CPU
		{FAFEC68F-1B46-497A-B2DF-0AB8500695C2}.Debug|Any CPU.Build.0 = Debug|Any CPU
		{FAFEC68F-1B46-497A-B2DF-0AB8500695C2}.Release|Any CPU.ActiveCfg = Release|Any CPU
		{FAFEC68F-1B46-497A-B2DF-0AB8500695C2}.Release|Any CPU.Build.0 = Release|Any CPU
	EndGlobalSection
	GlobalSection(SolutionProperties) = preSolution
		HideSolutionNode = FALSE
	EndGlobalSection
	GlobalSection(ExtensibilityGlobals) = postSolution
		SolutionGuid = {CCE5A0C2-97BA-482E-BC5E-7C066026A0AA}
	EndGlobalSection
EndGlobal
